
Microsoft Visual Studio Solution File, Format Version 12.00
# Visual Studio 15
VisualStudioVersion = 15.0.28010.2026
MinimumVisualStudioVersion = 10.0.40219.1
Project("{FAE04EC0-301F-11D3-BF4B-00C04F79EFBC}") = "ProjectPRN292", "ProjectPRN292\ProjectPRN292.csproj", "{F77755A2-6A97-4F64-B2B9-5046AA46EA04}"
EndProject
Global
	GlobalSection(SolutionConfigurationPlatforms) = preSolution
		Debug|Any CPU = Debug|Any CPU
		Release|Any CPU = Release|Any CPU
	EndGlobalSection
	GlobalSection(ProjectConfigurationPlatforms) = postSolution
		{F77755A2-6A97-4F64-B2B9-5046AA46EA04}.Debug|Any CPU.ActiveCfg = Debug|Any CPU
		{F77755A2-6A97-4F64-B2B9-5046AA46EA04}.Debug|Any CPU.Build.0 = Debug|Any CPU
		{F77755A2-6A97-4F64-B2B9-5046AA46EA04}.Release|Any CPU.ActiveCfg = Release|Any CPU
		{F77755A2-6A97-4F64-B2B9-5046AA46EA04}.Release|Any CPU.Build.0 = Release|Any CPU
	EndGlobalSection
	GlobalSection(SolutionProperties) = preSolution
		HideSolutionNode = FALSE
	EndGlobalSection
	GlobalSection(ExtensibilityGlobals) = postSolution
		SolutionGuid = {51BE9E8B-545E-4A0E-B3FA-7DE29B1D7F1F}
	EndGlobalSection
EndGlobal
